{
  "name": "users-mfe",
  "version": "1.0.0",
  "lockfileVersion": 3,
  "requires": true,
  "packages": {
    "": {
      "name": "users-mfe",
      "version": "1.0.0",
      "dependencies": {
        "react": "^19.3.0",
        "react-dom": "^19.3.0"
      },
      "devDependencies": {
        "@module-federation/rsbuild-plugin": "^2.9.0",
        "@rsbuild/core": "^2.2.5",
        "@rsbuild/plugin-react": "^2.1.0",
        "@types/node": "^24.13.3",
        "@types/react": "^19.3.0",
        "@types/react-dom": "^19.3.0",
        "typescript": "^6.0.3"
      }
    },
    "node_modules/@emnapi/core": {
      "version": "1.11.3",
      "resolved": "https://registry.npmjs.org/@emnapi/core/-/core-1.11.3.tgz",
      "integrity": "sha512-zLpS5asjEb7lq8jYLq37N6XKaE41DIexlY1rF/z4/tIl3wo13Sqm28fRyfIsKZD+NZ8mM5RoKkpW/rBcuoSZSg==",
      "dev": true,
      "license": "MIT",
      "optional": true,
      "dependencies": {
        "@emnapi/wasi-threads": "1.2.3",
        "tslib": "^2.4.0"
      }
    },
    "node_modules/@emnapi/runtime": {
      "version": "1.11.3",
      "resolved": "https://registry.npmjs.org/@emnapi/runtime/-/runtime-1.11.3.tgz",
      "integrity": "sha512-Xz4Tpyki7XyrpbUK1jR1AhdAdaXyhhY4lZ3neLodmhpuWfy2PAQN5B46sAiU4liOXGLkHypn/qU+jvfWSCYYLA==",
      "dev": true,
      "license": "MIT",
      "optional": true,
      "dependencies": {
        "tslib": "^2.4.0"
      }
    },
    "node_modules/@emnapi/wasi-threads": {
      "version": "1.2.3",
      "resolved": "https://registry.npmjs.org/@emnapi/wasi-threads/-/wasi-threads-1.2.3.tgz",
      "integrity": "sha512-ELEBe8PsLvvJ6QMr0zLt8ffvOHW/dc1m3CEzNMg7aJUv3bMaoDtw2TXyDAwkYBuroxxuHEwhRTLJSe5sya547g==",
      "dev": true,
      "license": "MIT",
      "optional": true,
      "dependencies": {
        "tslib": "^2.4.0"
      }
    },
    "node_modules/@module-federation/bridge-react-webpack-plugin": {
      "version": "2.9.0",
      "resolved": "https://registry.npmjs.org/@module-federation/bridge-react-webpack-plugin/-/bridge-react-webpack-plugin-2.9.0.tgz",
      "integrity": "sha512-hv3fuQkGERQ/COBKTVbFV1GWovReSg/bzJzDuxWR1F84h6NYtbYMWQqX8Egvb7HKMtn9Rflzw0GeaLr8F08vDg==",
      "dev": true,
      "license": "MIT",
      "dependencies": {
        "@module-federation/sdk": "2.9.0"
      }
    },
    "node_modules/@module-federation/cli": {
      "version": "2.9.0",
      "resolved": "https://registry.npmjs.org/@module-federation/cli/-/cli-2.9.0.tgz",
      "integrity": "sha512-r9RdlLRy3zWxuWQRonif48xdDu1reBGx18QpkZwLQ4JfSrOARjycNIGY2Y7QaUw7dedzxyee4FtKFeX/kOVLYQ==",
      "dev": true,
      "license": "MIT",
      "dependencies": {
        "@module-federation/dts-plugin": "2.9.0",
        "@module-federation/sdk": "2.9.0",
        "commander": "11.1.0",
        "jiti": "2.4.2"
      },
      "bin": {
        "mf": "bin/mf.js"
      },
      "engines": {
        "node": ">=16.0.0"
      }
    },
    "node_modules/@module-federation/dts-plugin": {
      "version": "2.9.0",
      "resolved": "https://registry.npmjs.org/@module-federation/dts-plugin/-/dts-plugin-2.9.0.tgz",
      "integrity": "sha512-uMGqEG/p9odG2BVr7WRbBe2OgrvzBd3LPzcp5WP+bm3djBdUJ4PZ3ozqKp6qpy+NFnlh6vnM815Xn6AXkKy1Vw==",
      "dev": true,
      "license": "MIT",
      "dependencies": {
        "@module-federation/error-codes": "2.9.0",
        "@module-federation/managers": "2.9.0",
        "@module-federation/sdk": "2.9.0",
        "@module-federation/third-party-dts-extractor": "2.9.0",
        "adm-zip": "0.6.0",
        "isomorphic-ws": "5.0.0",
        "undici": "7.29.0",
        "ws": "8.21.0"
      },
      "peerDependencies": {
        "typescript": "^4.9.0 || ^5.0.0 || ^6.0.0 || ^7.0.0",
        "vue-tsc": ">=1.0.24"
      },
      "peerDependenciesMeta": {
        "vue-tsc": {
          "optional": true
        }
      }
    },
    "node_modules/@module-federation/enhanced": {
      "version": "2.9.0",
      "resolved": "https://registry.npmjs.org/@module-federation/enhanced/-/enhanced-2.9.0.tgz",
      "integrity": "sha512-Jd/JHoFL9fNKL4Nnzo/9hf6FD/oQo3gKpE8xt6EGuhxmrvg6wM0radPtqgHiSSWLMW7CiXr2agNjKvquKd83rw==",
      "dev": true,
      "license": "MIT",
      "dependencies": {
        "@module-federation/bridge-react-webpack-plugin": "2.9.0",
        "@module-federation/cli": "2.9.0",
        "@module-federation/dts-plugin": "2.9.0",
        "@module-federation/error-codes": "2.9.0",
        "@module-federation/inject-external-runtime-core-plugin": "2.9.0",
        "@module-federation/managers": "2.9.0",
        "@module-federation/manifest": "2.9.0",
        "@module-federation/rspack": "2.9.0",
        "@module-federation/runtime-tools": "2.9.0",
        "@module-federation/sdk": "2.9.0",
        "@module-federation/webpack-bundler-runtime": "2.9.0",
        "schema-utils": "4.3.0",
        "tapable": "2.3.0"
      },
      "bin": {
        "mf": "bin/mf.js"
      },
      "peerDependencies": {
        "typescript": "^4.9.0 || ^5.0.0 || ^6.0.0 || ^7.0.0",
        "vue-tsc": ">=1.0.24",
        "webpack": "^5.0.0"
      },
      "peerDependenciesMeta": {
        "typescript": {
          "optional": true
        },
        "vue-tsc": {
          "optional": true
        },
        "webpack": {
          "optional": true
        }
      }
    },
    "node_modules/@module-federation/error-codes": {
      "version": "2.9.0",
      "resolved": "https://registry.npmjs.org/@module-federation/error-codes/-/error-codes-2.9.0.tgz",
      "integrity": "sha512-IGpd+VRlji3NyGOGGTsk7YEmPRKcDoBK4YHqIuP+OQwyb2YhHCUHO2vW9RXeQxCuKwi+c6xkTweRYG+Umy+0Zw==",
      "dev": true,
      "license": "MIT"
    },
    "node_modules/@module-federation/inject-external-runtime-core-plugin": {
      "version": "2.9.0",
      "resolved": "https://registry.npmjs.org/@module-federation/inject-external-runtime-core-plugin/-/inject-external-runtime-core-plugin-2.9.0.tgz",
      "integrity": "sha512-k3wCSZsY21HjYQ61wmIJUQleOgcHgqx/sX4qXYw0XnJnzHuFo64rzMvgr+TuBIgZ1peAQtfILLlTnWyTRjtZHw==",
      "dev": true,
      "license": "MIT",
      "peerDependencies": {
        "@module-federation/runtime-tools": "2.9.0"
      }
    },
    "node_modules/@module-federation/managers": {
      "version": "2.9.0",
      "resolved": "https://registry.npmjs.org/@module-federation/managers/-/managers-2.9.0.tgz",
      "integrity": "sha512-8KhB2PF4g+M0hGaethU1H4GVWabLn5sF5TvnM6VxgAcDL4TfLY8aC/YobAXHG/SV0jpU5lsGe6s6xy6ccV0MQw==",
      "dev": true,
      "license": "MIT",
      "dependencies": {
        "@module-federation/sdk": "2.9.0"
      }
    },
    "node_modules/@module-federation/manifest": {
      "version": "2.9.0",
      "resolved": "https://registry.npmjs.org/@module-federation/manifest/-/manifest-2.9.0.tgz",
      "integrity": "sha512-Zhm9luVOw9XPou50eTwsvdgr208CszoQ6cGORQDCPAMhjpGb5oYFtilJ+LKW7hQ1LktD15bEZmGhC1anvgXEiQ==",
      "dev": true,
      "license": "MIT",
      "dependencies": {
        "@module-federation/dts-plugin": "2.9.0",
        "@module-federation/managers": "2.9.0",
        "@module-federation/sdk": "2.9.0"
      }
    },
    "node_modules/@module-federation/node": {
      "version": "2.7.50",
      "resolved": "https://registry.npmjs.org/@module-federation/node/-/node-2.7.50.tgz",
      "integrity": "sha512-mbpQRdafyeWgsmYoJfdhOQf76zS6onOGpC2X1ELpWXB1Y4BcZGloL0CLjNMNon9m3ucfpc99tOGAQqFzQVkSBQ==",
      "dev": true,
      "license": "MIT",
      "dependencies": {
        "@module-federation/enhanced": "2.9.0",
        "@module-federation/runtime": "2.9.0",
        "@module-federation/sdk": "2.9.0",
        "encoding": "0.1.13",
        "node-fetch": "2.7.0",
        "tapable": "2.3.0"
      },
      "peerDependencies": {
        "webpack": "^5.40.0"
      },
      "peerDependenciesMeta": {
        "webpack": {
          "optional": true
        }
      }
    },
    "node_modules/@module-federation/rsbuild-plugin": {
      "version": "2.9.0",
      "resolved": "https://registry.npmjs.org/@module-federation/rsbuild-plugin/-/rsbuild-plugin-2.9.0.tgz",
      "integrity": "sha512-CaWAxZg+zOMw/BfgRXQdNBQZ/e5U7DBZvE13LzG13GEclt7yxaMQgKH0si3uOsq9f/X2NC8UnuhNHLIkloqlqA==",
      "dev": true,
      "license": "MIT",
      "dependencies": {
        "@module-federation/enhanced": "2.9.0",
        "@module-federation/node": "2.7.50",
        "@module-federation/sdk": "2.9.0"
      },
      "engines": {
        "node": ">=16.0.0"
      },
      "peerDependencies": {
        "@rsbuild/core": "^1.3.21 || ^2.0.0-0"
      },
      "peerDependenciesMeta": {
        "@rsbuild/core": {
          "optional": true
        }
      }
    },
    "node_modules/@module-federation/rspack": {
      "version": "2.9.0",
      "resolved": "https://registry.npmjs.org/@module-federation/rspack/-/rspack-2.9.0.tgz",
      "integrity": "sha512-9zSlmQYKRHKVWqhlZSMyjstp2A3VVrQV2Of8mrF5NXhngFemNx7Hw35+MTo+gsRfF5glpN8bAzLyIokRUo1Cog==",
      "dev": true,
      "license": "MIT",
      "dependencies": {
        "@module-federation/bridge-react-webpack-plugin": "2.9.0",
        "@module-federation/dts-plugin": "2.9.0",
        "@module-federation/inject-external-runtime-core-plugin": "2.9.0",
        "@module-federation/managers": "2.9.0",
        "@module-federation/manifest": "2.9.0",
        "@module-federation/runtime-tools": "2.9.0",
        "@module-federation/sdk": "2.9.0"
      },
      "peerDependencies": {
        "@rspack/core": "^0.7.0 || ^1.0.0 || ^2.0.0-0",
        "typescript": "^4.9.0 || ^5.0.0 || ^6.0.0 || ^7.0.0",
        "vue-tsc": ">=1.0.24"
      },
      "peerDependenciesMeta": {
        "typescript": {
          "optional": true
        },
        "vue-tsc": {
          "optional": true
        }
      }
    },
    "node_modules/@module-federation/runtime": {
      "version": "2.9.0",
      "resolved": "https://registry.npmjs.org/@module-federation/runtime/-/runtime-2.9.0.tgz",
      "integrity": "sha512-3cyAav0hWP+dNvB7qrcK9CKxQn+JvkbRvLtZz3zS2g0EyxtDFDjgbHY0Afcf7oHf8IHhKeEdzb/3Kjr1Pjmr7A==",
      "dev": true,
      "license": "MIT",
      "dependencies": {
        "@module-federation/error-codes": "2.9.0",
        "@module-federation/runtime-core": "2.9.0",
        "@module-federation/sdk": "2.9.0"
      }
    },
    "node_modules/@module-federation/runtime-core": {
      "version": "2.9.0",
      "resolved": "https://registry.npmjs.org/@module-federation/runtime-core/-/runtime-core-2.9.0.tgz",
      "integrity": "sha512-dLykRYfpbEJBTdk2NlbNoVVTB196O3qujawTBguLABJkPCWETJNk60NR1yZO34eI+DTH+eGwHU3m7FddAWnbnw==",
      "dev": true,
      "license": "MIT",
      "dependencies": {
        "@module-federation/error-codes": "2.9.0",
        "@module-federation/sdk": "2.9.0"
      }
    },
    "node_modules/@module-federation/runtime-tools": {
      "version": "2.9.0",
      "resolved": "https://registry.npmjs.org/@module-federation/runtime-tools/-/runtime-tools-2.9.0.tgz",
      "integrity": "sha512-u2puqsaHiw1bVvLNk1uh98iPo6UzaBuci/aTvOFwKvbT/RF18C3vGGnm+ShHPKQEnoN6ctPtnygyOZDPR+8cgg==",
      "dev": true,
      "license": "MIT",
      "dependencies": {
        "@module-federation/runtime": "2.9.0",
        "@module-federation/webpack-bundler-runtime": "2.9.0"
      }
    },
    "node_modules/@module-federation/sdk": {
      "version": "2.9.0",
      "resolved": "https://registry.npmjs.org/@module-federation/sdk/-/sdk-2.9.0.tgz",
      "integrity": "sha512-IMjObgBGQTXd33jTTCYcxvz8iOQGLsZ2QIPOj90rDxuBtJsN4WJwYyXqligrhY/e5p/BipUPdbIgKmWL7zFhTw==",
      "dev": true,
      "license": "MIT"
    },
    "node_modules/@module-federation/third-party-dts-extractor": {
      "version": "2.9.0",
      "resolved": "https://registry.npmjs.org/@module-federation/third-party-dts-extractor/-/third-party-dts-extractor-2.9.0.tgz",
      "integrity": "sha512-R1Xuqnqzw6wQxWV3yU9fX1FydXAeZF2TNVFAVo1N1oLBA2j5y7aUO/Fc3VSNgd9/gxMzJgTVBdA+nMiD2SFCgg==",
      "dev": true,
      "license": "MIT"
    },
    "node_modules/@module-federation/webpack-bundler-runtime": {
      "version": "2.9.0",
      "resolved": "https://registry.npmjs.org/@module-federation/webpack-bundler-runtime/-/webpack-bundler-runtime-2.9.0.tgz",
      "integrity": "sha512-MdU6NQibT57MaJG3KPBjC30IVBrz5eU7IcjHoVDYnMh7OmASw3stagBu7hYjdMTP31luNdtzUn85s9axvdwTlw==",
      "dev": true,
      "license": "MIT",
      "dependencies": {
        "@module-federation/error-codes": "2.9.0",
        "@module-federation/runtime": "2.9.0",
        "@module-federation/sdk": "2.9.0"
      }
    },
    "node_modules/@napi-rs/wasm-runtime": {
      "version": "1.1.6",
      "resolved": "https://registry.npmjs.org/@napi-rs/wasm-runtime/-/wasm-runtime-1.1.6.tgz",
      "integrity": "sha512-ZLv/JdUfkvOy9eCnnBaGfiO+XimbjebAeO+MRQqD/B+FR1tnRN0tpKSJHRbE8sFfS6aqsXZ67TQjfwfsxULVbg==",
      "dev": true,
      "license": "MIT",
      "optional": true,
      "dependencies": {
        "@tybys/wasm-util": "^0.10.3"
      },
      "funding": {
        "type": "github",
        "url": "https://github.com/sponsors/Brooooooklyn"
      },
      "peerDependencies": {
        "@emnapi/core": "^1.7.1",
        "@emnapi/runtime": "^1.7.1"
      }
    },
    "node_modules/@rsbuild/core": {
      "version": "2.2.5",
      "resolved": "https://registry.npmjs.org/@rsbuild/core/-/core-2.2.5.tgz",
      "integrity": "sha512-nf34ri1iZduYhHUr5Vc79L7Eml+IlN0nFIaF/g3OW4WR/gShxuf5wVXS69/H8FTHJYN4SdYlNcefSZQluEMKgA==",
      "dev": true,
      "license": "MIT",
      "dependencies": {
        "@rspack/core": "~2.2.3",
        "@swc/helpers": "^0.5.23"
      },
      "bin": {
        "rsbuild": "bin/rsbuild.js"
      },
      "engines": {
        "node": "^20.19.0 || >=22.12.0"
      },
      "peerDependencies": {
        "core-js": ">= 3.0.0"
      },
      "peerDependenciesMeta": {
        "core-js": {
          "optional": true
        }
      }
    },
    "node_modules/@rsbuild/plugin-react": {
      "version": "2.1.0",
      "resolved": "https://registry.npmjs.org/@rsbuild/plugin-react/-/plugin-react-2.1.0.tgz",
      "integrity": "sha512-RQTIAWB/CwPjoWt9iAl+8HixeQVgZ7kEIBrWPCixfITyHdiD84h0YpUTpEUuz6kGHw1KXT9mHZ3Rwy6WG7aRDA==",
      "dev": true,
      "license": "MIT",
      "dependencies": {
        "@rspack/plugin-react-refresh": "^2.0.2",
        "react-refresh": "^0.18.0"
      },
      "peerDependencies": {
        "@rsbuild/core": "^2.0.0"
      },
      "peerDependenciesMeta": {
        "@rsbuild/core": {
          "optional": true
        }
      }
    },
    "node_modules/@rspack/binding": {
      "version": "2.2.3",
      "resolved": "https://registry.npmjs.org/@rspack/binding/-/binding-2.2.3.tgz",
      "integrity": "sha512-532+T5N6yIdukChiL85H4NFN2vn9oi8wlLa1ByPNtpNYriE9s24fUhn0RiK7w/xACqnNpYmXCqLYCvjOzyCy+w==",
      "dev": true,
      "license": "MIT",
      "optionalDependencies": {
        "@rspack/binding-darwin-arm64": "2.2.3",
        "@rspack/binding-darwin-x64": "2.2.3",
        "@rspack/binding-linux-arm64-gnu": "2.2.3",
        "@rspack/binding-linux-arm64-musl": "2.2.3",
        "@rspack/binding-linux-ppc64-gnu": "2.2.3",
        "@rspack/binding-linux-riscv64-gnu": "2.2.3",
        "@rspack/binding-linux-riscv64-musl": "2.2.3",
        "@rspack/binding-linux-s390x-gnu": "2.2.3",
        "@rspack/binding-linux-x64-gnu": "2.2.3",
        "@rspack/binding-linux-x64-musl": "2.2.3",
        "@rspack/binding-wasm32-wasi": "2.2.3",
        "@rspack/binding-win32-arm64-msvc": "2.2.3",
        "@rspack/binding-win32-ia32-msvc": "2.2.3",
        "@rspack/binding-win32-x64-msvc": "2.2.3"
      }
    },
    "node_modules/@rspack/binding-darwin-arm64": {
      "version": "2.2.3",
      "resolved": "https://registry.npmjs.org/@rspack/binding-darwin-arm64/-/binding-darwin-arm64-2.2.3.tgz",
      "integrity": "sha512-MGLx4lMTY6XEtJi55S+fk83+683GeUDuoqzjixbq6ehHdr/l6nGiHhgvMtV5DYt9sCytUDzyrCkcJ0AWqJxnTA==",
      "cpu": [
        "arm64"
      ],
      "dev": true,
      "license": "MIT",
      "optional": true,
      "os": [
        "darwin"
      ]
    },
    "node_modules/@rspack/binding-darwin-x64": {
      "version": "2.2.3",
      "resolved": "https://registry.npmjs.org/@rspack/binding-darwin-x64/-/binding-darwin-x64-2.2.3.tgz",
      "integrity": "sha512-5B/c1YTYEz9m7TyqtGQgTmXMr9PoPewyqsyHB4N0AB7nxDhtgmki0GniP2Lqtx3LJzOvQMjwet+I2lmWxvxwCg==",
      "cpu": [
        "x64"
      ],
      "dev": true,
      "license": "MIT",
      "optional": true,
      "os": [
        "darwin"
      ]
    },
    "node_modules/@rspack/binding-linux-arm64-gnu": {
      "version": "2.2.3",
      "resolved": "https://registry.npmjs.org/@rspack/binding-linux-arm64-gnu/-/binding-linux-arm64-gnu-2.2.3.tgz",
      "integrity": "sha512-sU+jPGD2xz3BxFvsdBQVGce538YHqrSKMB4ZSfKhj6RSKjeGzpJ1BVl8+IndiQsfTgaUxi7N+r5cs/ezGy1TVQ==",
      "cpu": [
        "arm64"
      ],
      "dev": true,
      "libc": [
        "glibc"
      ],
      "license": "MIT",
      "optional": true,
      "os": [
        "linux"
      ]
    },
    "node_modules/@rspack/binding-linux-arm64-musl": {
      "version": "2.2.3",
      "resolved": "https://registry.npmjs.org/@rspack/binding-linux-arm64-musl/-/binding-linux-arm64-musl-2.2.3.tgz",
      "integrity": "sha512-EQuADbqWbVgNAh5ep/u/B7Z/8UUkZjMLzHAOKZJklBpe4Y8mnhFNjieX0xc9NadR+drj9tqmEANxzTOkFtVPyQ==",
      "cpu": [
        "arm64"
      ],
      "dev": true,
      "libc": [
        "musl"
      ],
      "license": "MIT",
      "optional": true,
      "os": [
        "linux"
      ]
    },
    "node_modules/@rspack/binding-linux-ppc64-gnu": {
      "version": "2.2.3",
      "resolved": "https://registry.npmjs.org/@rspack/binding-linux-ppc64-gnu/-/binding-linux-ppc64-gnu-2.2.3.tgz",
      "integrity": "sha512-kyXROzr519a5juBII9ysuc5ZD2apEZ0DJqL5PPCAOVHjzMfThEIBwnX3gicNCmp+kY0CCIOl2LagwbtFaOzoiA==",
      "cpu": [
        "ppc64"
      ],
      "dev": true,
      "libc": [
        "glibc"
      ],
      "license": "MIT",
      "optional": true,
      "os": [
        "linux"
      ]
    },
    "node_modules/@rspack/binding-linux-riscv64-gnu": {
      "version": "2.2.3",
      "resolved": "https://registry.npmjs.org/@rspack/binding-linux-riscv64-gnu/-/binding-linux-riscv64-gnu-2.2.3.tgz",
      "integrity": "sha512-F3x6Nu0RUSoLtiaMse3hYQ3Nf5A2de6vTWWDXj14Ll6BpGWXGn+U/eXT/nB199fFnDEYf+CJEa7d6fzcYdwdjA==",
      "cpu": [
        "riscv64"
      ],
      "dev": true,
      "libc": [
        "glibc"
      ],
      "license": "MIT",
      "optional": true,
      "os": [
        "linux"
      ]
    },
    "node_modules/@rspack/binding-linux-riscv64-musl": {
      "version": "2.2.3",
      "resolved": "https://registry.npmjs.org/@rspack/binding-linux-riscv64-musl/-/binding-linux-riscv64-musl-2.2.3.tgz",
      "integrity": "sha512-O3HK7OnPvoBxZu4MX2j+t3gk4qiUsFYqj/29L3WgU1iQsdUSIN6PInW2JvbiLqyuzt09VltIEXTKayY8EysCpQ==",
      "cpu": [
        "riscv64"
      ],
      "dev": true,
      "libc": [
        "musl"
      ],
      "license": "MIT",
      "optional": true,
      "os": [
        "linux"
      ]
    },
    "node_modules/@rspack/binding-linux-s390x-gnu": {
      "version": "2.2.3",
      "resolved": "https://registry.npmjs.org/@rspack/binding-linux-s390x-gnu/-/binding-linux-s390x-gnu-2.2.3.tgz",
      "integrity": "sha512-SIxfGdwBdAjwJ8pDlPTb8MPIZIv/i2lKHn4/ywuDpFOxlUA4Bo/OKqQOenHx2MFD2mN8jigBZQTF0KVe5YP1uQ==",
      "cpu": [
        "s390x"
      ],
      "dev": true,
      "libc": [
        "glibc"
      ],
      "license": "MIT",
      "optional": true,
      "os": [
        "linux"
      ]
    },
    "node_modules/@rspack/binding-linux-x64-gnu": {
      "version": "2.2.3",
      "resolved": "https://registry.npmjs.org/@rspack/binding-linux-x64-gnu/-/binding-linux-x64-gnu-2.2.3.tgz",
      "integrity": "sha512-IzQGcw09WYn/IzwB1SQpg7FQ211MBr+fJB2/WoRrPS6CNdtlkDHZaI8z2oq+2Oc5Su21jgX75VlWFajirUx5Dw==",
      "cpu": [
        "x64"
      ],
      "dev": true,
      "libc": [
        "glibc"
      ],
      "license": "MIT",
      "optional": true,
      "os": [
        "linux"
      ]
    },
    "node_modules/@rspack/binding-linux-x64-musl": {
      "version": "2.2.3",
      "resolved": "https://registry.npmjs.org/@rspack/binding-linux-x64-musl/-/binding-linux-x64-musl-2.2.3.tgz",
      "integrity": "sha512-9OKSx2ickrR+PFal94XE6Hkj49AQ2HI3KuR9XeRkKOwSxjwrskV/Pn1wc2itDOHkm/QHP7k+MttsYb4FGuNIqw==",
      "cpu": [
        "x64"
      ],
      "dev": true,
      "libc": [
        "musl"
      ],
      "license": "MIT",
      "optional": true,
      "os": [
        "linux"
      ]
    },
    "node_modules/@rspack/binding-wasm32-wasi": {
      "version": "2.2.3",
      "resolved": "https://registry.npmjs.org/@rspack/binding-wasm32-wasi/-/binding-wasm32-wasi-2.2.3.tgz",
      "integrity": "sha512-gici3jWJi0GDy9kbYh57LoA57H8A2EAD9cV2jFKp1YoJ2aX2U9lANh4L+xoKPTvVQYpRvleoA5jkAvyfeLQ5bw==",
      "cpu": [
        "wasm32"
      ],
      "dev": true,
      "license": "MIT",
      "optional": true,
      "dependencies": {
        "@emnapi/core": "1.11.3",
        "@emnapi/runtime": "1.11.3",
        "@napi-rs/wasm-runtime": "1.1.6"
      }
    },
    "node_modules/@rspack/binding-win32-arm64-msvc": {
      "version": "2.2.3",
      "resolved": "https://registry.npmjs.org/@rspack/binding-win32-arm64-msvc/-/binding-win32-arm64-msvc-2.2.3.tgz",
      "integrity": "sha512-1MG66kcuqAGFs9ewiBc+/NJSTQr1jHrkZ2nCVMyhukl1o8embmFZa3BCibYgBYs5P7FRc6Sa+CDXcrfDZOLInQ==",
      "cpu": [
        "arm64"
      ],
      "dev": true,
      "license": "MIT",
      "optional": true,
      "os": [
        "win32"
      ]
    },
    "node_modules/@rspack/binding-win32-ia32-msvc": {
      "version": "2.2.3",
      "resolved": "https://registry.npmjs.org/@rspack/binding-win32-ia32-msvc/-/binding-win32-ia32-msvc-2.2.3.tgz",
      "integrity": "sha512-CAigxxh9DYJmEwH9f6FRkSsmt0GhKVqKaFRVFFrF9WDL7gXP3hyE/h/cCeMdmlTzRt8Mht87AvnDX7PG3neMrA==",
      "cpu": [
        "ia32"
      ],
      "dev": true,
      "license": "MIT",
      "optional": true,
      "os": [
        "win32"
      ]
    },
    "node_modules/@rspack/binding-win32-x64-msvc": {
      "version": "2.2.3",
      "resolved": "https://registry.npmjs.org/@rspack/binding-win32-x64-msvc/-/binding-win32-x64-msvc-2.2.3.tgz",
      "integrity": "sha512-qa5Wc34a+Uux5foZ1Z+9fPQceVRbgTunaIulHezVF/ZxvqKO4DkAC7tFl53shB0YRVBAPg8R78MGd8cByfoxLQ==",
      "cpu": [
        "x64"
      ],
      "dev": true,
      "license": "MIT",
      "optional": true,
      "os": [
        "win32"
      ]
    },
    "node_modules/@rspack/core": {
      "version": "2.2.3",
      "resolved": "https://registry.npmjs.org/@rspack/core/-/core-2.2.3.tgz",
      "integrity": "sha512-VHejw+PDd5B5v6VduFyjLSTIFaHBMNGPMKw+Y0zjkMqjYhDD1hjLOBC5frRKjTWcfYdk+Q73auWPp9k/H9PfIQ==",
      "dev": true,
      "license": "MIT",
      "dependencies": {
        "@rspack/binding": "2.2.3"
      },
      "engines": {
        "node": "^20.19.0 || >=22.12.0"
      },
      "peerDependencies": {
        "@module-federation/runtime-tools": "^0.24.1 || ^2.0.0",
        "@swc/helpers": "^0.5.23"
      },
      "peerDependenciesMeta": {
        "@module-federation/runtime-tools": {
          "optional": true
        },
        "@swc/helpers": {
          "optional": true
        }
      }
    },
    "node_modules/@rspack/plugin-react-refresh": {
      "version": "2.0.2",
      "resolved": "https://registry.npmjs.org/@rspack/plugin-react-refresh/-/plugin-react-refresh-2.0.2.tgz",
      "integrity": "sha512-dGNZiCxQxgAUI9sah7gd8u+O7OJZRCmqtEJNDOd8xW5RqcieC86F7p5qcShyw6onH5pKf57evpr2VjGbaFGkZg==",
      "dev": true,
      "license": "MIT",
      "peerDependencies": {
        "@rspack/core": "^2.0.0",
        "react-refresh": ">=0.10.0 <1.0.0"
      },
      "peerDependenciesMeta": {
        "@rspack/core": {
          "optional": true
        }
      }
    },
    "node_modules/@swc/helpers": {
      "version": "0.5.23",
      "resolved": "https://registry.npmjs.org/@swc/helpers/-/helpers-0.5.23.tgz",
      "integrity": "sha512-5lSsMOTXURePglDfvuAQUqkGek9Hg2kksOYay2m0+XR++b2NWYL/4sWyuvVBIs8oKnJaxkdi9whaL/sqN13afw==",
      "dev": true,
      "license": "Apache-2.0",
      "dependencies": {
        "tslib": "^2.8.0"
      }
    },
    "node_modules/@tybys/wasm-util": {
      "version": "0.10.3",
      "resolved": "https://registry.npmjs.org/@tybys/wasm-util/-/wasm-util-0.10.3.tgz",
      "integrity": "sha512-F3fo1MYrRJYL3zER0OUOmkutjr1Vp23m7OsSgp7nq4SP6OqX6C/56XFIPAl5bt3zaBRjmW7SGz3u/6LwFpYcOg==",
      "dev": true,
      "license": "MIT",
      "optional": true,
      "dependencies": {
        "tslib": "^2.4.0"
      }
    },
    "node_modules/@types/json-schema": {
      "version": "7.0.15",
      "resolved": "https://registry.npmjs.org/@types/json-schema/-/json-schema-7.0.15.tgz",
      "integrity": "sha512-5+fP8P8MFNC+AyZCDxrB2pkZFPGzqQWUzpSeuuVLvm8VMcorNYavBqoFcxK8bQz4Qsbn4oUEEem4wDLfcysGHA==",
      "dev": true,
      "license": "MIT"
    },
    "node_modules/@types/node": {
      "version": "24.13.3",
      "resolved": "https://registry.npmjs.org/@types/node/-/node-24.13.3.tgz",
      "integrity": "sha512-Dh8vAsV36ig5wa9OX4pXvMc9D3Veibfw2wix0CUwYODLD8nkj9UsLjASr49nPg+2eKzxhBV+v7L8pXvT4e639Q==",
      "dev": true,
      "license": "MIT",
      "dependencies": {
        "undici-types": "~7.18.0"
      }
    },
    "node_modules/@types/react": {
      "version": "19.3.0",
      "resolved": "https://registry.npmjs.org/@types/react/-/react-19.3.0.tgz",
      "integrity": "sha512-N0rFCuH9YoxG9/m61l9MfpJKfmLOVU0em7ipIz6TRgSSkvReLB9vL85GB+yr8Bs5leqpvg96JSwF4ZS1s4viQg==",
      "dev": true,
      "license": "MIT",
      "dependencies": {
        "csstype": "^3.2.2"
      }
    },
    "node_modules/@types/react-dom": {
      "version": "19.3.0",
      "resolved": "https://registry.npmjs.org/@types/react-dom/-/react-dom-19.3.0.tgz",
      "integrity": "sha512-ZI7bU42mZXXKHn/qNLEw2IrbiINU7X5+vfgdixBHkCNpYWXjKgfQ/P+uyGb5CjOLB9UcnTeg3rylQtV2hym44Q==",
      "dev": true,
      "license": "MIT",
      "peerDependencies": {
        "@types/react": "^19.3.0"
      }
    },
    "node_modules/adm-zip": {
      "version": "0.6.0",
      "resolved": "https://registry.npmjs.org/adm-zip/-/adm-zip-0.6.0.tgz",
      "integrity": "sha512-XleryMhbuksdKtofnWZ9Sk+4CUTbms4Mb/EU32SZwToAyZ5RgVos/ki8n+yr0LWHOGKuakbXTuuYNHLQjhddgg==",
      "dev": true,
      "license": "MIT",
      "engines": {
        "node": ">=14.0"
      }
    },
    "node_modules/ajv": {
      "version": "8.20.0",
      "resolved": "https://registry.npmjs.org/ajv/-/ajv-8.20.0.tgz",
      "integrity": "sha512-Thbli+OlOj+iMPYFBVBfJ3OmCAnaSyNn4M1vz9T6Gka5Jt9ba/HIR56joy65tY6kx/FCF5VXNB819Y7/GUrBGA==",
      "dev": true,
      "license": "MIT",
      "dependencies": {
        "fast-deep-equal": "^3.1.3",
        "fast-uri": "^3.0.1",
        "json-schema-traverse": "^1.0.0",
        "require-from-string": "^2.0.2"
      },
      "funding": {
        "type": "github",
        "url": "https://github.com/sponsors/epoberezkin"
      }
    },
    "node_modules/ajv-formats": {
      "version": "2.1.1",
      "resolved": "https://registry.npmjs.org/ajv-formats/-/ajv-formats-2.1.1.tgz",
      "integrity": "sha512-Wx0Kx52hxE7C18hkMEggYlEifqWZtYaRgouJor+WMdPnQyEK13vgEWyVNup7SoeeoLMsr4kf5h6dOW11I15MUA==",
      "dev": true,
      "license": "MIT",
      "dependencies": {
        "ajv": "^8.0.0"
      },
      "peerDependencies": {
        "ajv": "^8.0.0"
      },
      "peerDependenciesMeta": {
        "ajv": {
          "optional": true
        }
      }
    },
    "node_modules/ajv-keywords": {
      "version": "5.1.0",
      "resolved": "https://registry.npmjs.org/ajv-keywords/-/ajv-keywords-5.1.0.tgz",
      "integrity": "sha512-YCS/JNFAUyr5vAuhk1DWm1CBxRHW9LbJ2ozWeemrIqpbsqKjHVxYPyi5GC0rjZIT5JxJ3virVTS8wk4i/Z+krw==",
      "dev": true,
      "license": "MIT",
      "dependencies": {
        "fast-deep-equal": "^3.1.3"
      },
      "peerDependencies": {
        "ajv": "^8.8.2"
      }
    },
    "node_modules/commander": {
      "version": "11.1.0",
      "resolved": "https://registry.npmjs.org/commander/-/commander-11.1.0.tgz",
      "integrity": "sha512-yPVavfyCcRhmorC7rWlkHn15b4wDVgVmBA7kV4QVBsF7kv/9TKJAbAXVTxvTnwP8HHKjRCJDClKbciiYS7p0DQ==",
      "dev": true,
      "license": "MIT",
      "engines": {
        "node": ">=16"
      }
    },
    "node_modules/csstype": {
      "version": "3.2.3",
      "resolved": "https://registry.npmjs.org/csstype/-/csstype-3.2.3.tgz",
      "integrity": "sha512-z1HGKcYy2xA8AGQfwrn0PAy+PB7X/GSj3UVJW9qKyn43xWa+gl5nXmU4qqLMRzWVLFC8KusUX8T/0kCiOYpAIQ==",
      "dev": true,
      "license": "MIT"
    },
    "node_modules/encoding": {
      "version": "0.1.13",
      "resolved": "https://registry.npmjs.org/encoding/-/encoding-0.1.13.tgz",
      "integrity": "sha512-ETBauow1T35Y/WZMkio9jiM0Z5xjHHmJ4XmjZOq1l/dXz3lr2sRn87nJy20RupqSh1F2m3HHPSp8ShIPQJrJ3A==",
      "dev": true,
      "license": "MIT",
      "dependencies": {
        "iconv-lite": "^0.6.2"
      }
    },
    "node_modules/fast-deep-equal": {
      "version": "3.1.3",
      "resolved": "https://registry.npmjs.org/fast-deep-equal/-/fast-deep-equal-3.1.3.tgz",
      "integrity": "sha512-f3qQ9oQy9j2AhBe/H9VC91wLmKBCCU/gDOnKNAYG5hswO7BLKj09Hc5HYNz9cGI++xlpDCIgDaitVs03ATR84Q==",
      "dev": true,
      "license": "MIT"
    },
    "node_modules/fast-uri": {
      "version": "3.1.7",
      "resolved": "https://registry.npmjs.org/fast-uri/-/fast-uri-3.1.7.tgz",
      "integrity": "sha512-dOvZVzjdZdz7phd9v6jCbwxrBW3fK6n8Rc0CtdmM4bumzMnxywBYhuph6J819RRw/ku+rLbelwfMunktuzVVHg==",
      "dev": true,
      "funding": [
        {
          "type": "github",
          "url": "https://github.com/sponsors/fastify"
        },
        {
          "type": "opencollective",
          "url": "https://opencollective.com/fastify"
        }
      ],
      "license": "BSD-3-Clause"
    },
    "node_modules/iconv-lite": {
      "version": "0.6.3",
      "resolved": "https://registry.npmjs.org/iconv-lite/-/iconv-lite-0.6.3.tgz",
      "integrity": "sha512-4fCk79wshMdzMp2rH06qWrJE4iolqLhCUH+OiuIgU++RB0+94NlDL81atO7GX55uUKueo0txHNtvEyI6D7WdMw==",
      "dev": true,
      "license": "MIT",
      "dependencies": {
        "safer-buffer": ">= 2.1.2 < 3.0.0"
      },
      "engines": {
        "node": ">=0.10.0"
      }
    },
    "node_modules/isomorphic-ws": {
      "version": "5.0.0",
      "resolved": "https://registry.npmjs.org/isomorphic-ws/-/isomorphic-ws-5.0.0.tgz",
      "integrity": "sha512-muId7Zzn9ywDsyXgTIafTry2sV3nySZeUDe6YedVd1Hvuuep5AsIlqK+XefWpYTyJG5e503F2xIuT2lcU6rCSw==",
      "dev": true,
      "license": "MIT",
      "peerDependencies": {
        "ws": "*"
      }
    },
    "node_modules/jiti": {
      "version": "2.4.2",
      "resolved": "https://registry.npmjs.org/jiti/-/jiti-2.4.2.tgz",
      "integrity": "sha512-rg9zJN+G4n2nfJl5MW3BMygZX56zKPNVEYYqq7adpmMh4Jn2QNEwhvQlFy6jPVdcod7txZtKHWnyZiA3a0zP7A==",
      "dev": true,
      "license": "MIT",
      "bin": {
        "jiti": "lib/jiti-cli.mjs"
      }
    },
    "node_modules/json-schema-traverse": {
      "version": "1.0.0",
      "resolved": "https://registry.npmjs.org/json-schema-traverse/-/json-schema-traverse-1.0.0.tgz",
      "integrity": "sha512-NM8/P9n3XjXhIZn1lLhkFaACTOURQXjWhV4BA/RnOv8xvgqtqpAX9IO4mRQxSx1Rlo4tqzeqb0sOlruaOy3dug==",
      "dev": true,
      "license": "MIT"
    },
    "node_modules/node-fetch": {
      "version": "2.7.0",
      "resolved": "https://registry.npmjs.org/node-fetch/-/node-fetch-2.7.0.tgz",
      "integrity": "sha512-c4FRfUm/dbcWZ7U+1Wq0AwCyFL+3nt2bEw05wfxSz+DWpWsitgmSgYmy2dQdWyKC1694ELPqMs/YzUSNozLt8A==",
      "dev": true,
      "license": "MIT",
      "dependencies": {
        "whatwg-url": "^5.0.0"
      },
      "engines": {
        "node": "4.x || >=6.0.0"
      },
      "peerDependencies": {
        "encoding": "^0.1.0"
      },
      "peerDependenciesMeta": {
        "encoding": {
          "optional": true
        }
      }
    },
    "node_modules/react": {
      "version": "19.3.0",
      "resolved": "https://registry.npmjs.org/react/-/react-19.3.0.tgz",
      "integrity": "sha512-E8LUcbtBWt20bbl2YoHfx4ZDBdxVTfOKtCZn9cDSJ4l6/nuoApcpIBcj47t2wZoVX8g2ZHuMHbiShgCR1T5Sog==",
      "license": "MIT",
      "engines": {
        "node": ">=0.10.0"
      }
    },
    "node_modules/react-dom": {
      "version": "19.3.0",
      "resolved": "https://registry.npmjs.org/react-dom/-/react-dom-19.3.0.tgz",
      "integrity": "sha512-JDk8dgif51OjFoDE70+OT9ICyYr+69HlmihNwp1+Nsfbna3t5sIiCa9ZJktDmQ4/1b/rn26hIAR2uYXDMr5r0Q==",
      "license": "MIT",
      "dependencies": {
        "scheduler": "^0.28.0"
      },
      "peerDependencies": {
        "react": "^19.3.0"
      }
    },
    "node_modules/react-refresh": {
      "version": "0.18.0",
      "resolved": "https://registry.npmjs.org/react-refresh/-/react-refresh-0.18.0.tgz",
      "integrity": "sha512-QgT5//D3jfjJb6Gsjxv0Slpj23ip+HtOpnNgnb2S5zU3CB26G/IDPGoy4RJB42wzFE46DRsstbW6tKHoKbhAxw==",
      "dev": true,
      "license": "MIT",
      "engines": {
        "node": ">=0.10.0"
      }
    },
    "node_modules/require-from-string": {
      "version": "2.0.2",
      "resolved": "https://registry.npmjs.org/require-from-string/-/require-from-string-2.0.2.tgz",
      "integrity": "sha512-Xf0nWe6RseziFMu+Ap9biiUbmplq6S9/p+7w7YXP/JBHhrUDDUhwa+vANyubuqfZWTveU//DYVGsDG7RKL/vEw==",
      "dev": true,
      "license": "MIT",
      "engines": {
        "node": ">=0.10.0"
      }
    },
    "node_modules/safer-buffer": {
      "version": "2.1.2",
      "resolved": "https://registry.npmjs.org/safer-buffer/-/safer-buffer-2.1.2.tgz",
      "integrity": "sha512-YZo3K82SD7Riyi0E1EQPojLz7kpepnSQI9IyPbHHg1XXXevb5dJI7tpyN2ADxGcQbHG7vcyRHk0cbwqcQriUtg==",
      "dev": true,
      "license": "MIT"
    },
    "node_modules/scheduler": {
      "version": "0.28.0",
      "resolved": "https://registry.npmjs.org/scheduler/-/scheduler-0.28.0.tgz",
      "integrity": "sha512-juorfCmIkIw8tT+p5BXSm6PJjQF/ycEYmKyzURCIt/RaZIhL+PulbQ9Yu2z1HdOJDdqDTlxA1+xKBmHXJsczAw==",
      "license": "MIT"
    },
    "node_modules/schema-utils": {
      "version": "4.3.0",
      "resolved": "https://registry.npmjs.org/schema-utils/-/schema-utils-4.3.0.tgz",
      "integrity": "sha512-Gf9qqc58SpCA/xdziiHz35F4GNIWYWZrEshUc/G/r5BnLph6xpKuLeoJoQuj5WfBIx/eQLf+hmVPYHaxJu7V2g==",
      "dev": true,
      "license": "MIT",
      "dependencies": {
        "@types/json-schema": "^7.0.9",
        "ajv": "^8.9.0",
        "ajv-formats": "^2.1.1",
        "ajv-keywords": "^5.1.0"
      },
      "engines": {
        "node": ">= 10.13.0"
      },
      "funding": {
        "type": "opencollective",
        "url": "https://opencollective.com/webpack"
      }
    },
    "node_modules/tapable": {
      "version": "2.3.0",
      "resolved": "https://registry.npmjs.org/tapable/-/tapable-2.3.0.tgz",
      "integrity": "sha512-g9ljZiwki/LfxmQADO3dEY1CbpmXT5Hm2fJ+QaGKwSXUylMybePR7/67YW7jOrrvjEgL1Fmz5kzyAjWVWLlucg==",
      "dev": true,
      "license": "MIT",
      "engines": {
        "node": ">=6"
      },
      "funding": {
        "type": "opencollective",
        "url": "https://opencollective.com/webpack"
      }
    },
    "node_modules/tr46": {
      "version": "0.0.3",
      "resolved": "https://registry.npmjs.org/tr46/-/tr46-0.0.3.tgz",
      "integrity": "sha512-N3WMsuqV66lT30CrXNbEjx4GEwlow3v6rr4mCcv6prnfwhS01rkgyFdjPNBYd9br7LpXV1+Emh01fHnq2Gdgrw==",
      "dev": true,
      "license": "MIT"
    },
    "node_modules/tslib": {
      "version": "2.8.1",
      "resolved": "https://registry.npmjs.org/tslib/-/tslib-2.8.1.tgz",
      "integrity": "sha512-oJFu94HQb+KVduSUQL7wnpmqnfmLsOA/nAh6b6EH0wCEoK0/mPeXU6c3wKDV83MkOuHPRHtSXKKU99IBazS/2w==",
      "dev": true,
      "license": "0BSD"
    },
    "node_modules/typescript": {
      "version": "6.0.3",
      "resolved": "https://registry.npmjs.org/typescript/-/typescript-6.0.3.tgz",
      "integrity": "sha512-y2TvuxSZPDyQakkFRPZHKFm+KKVqIisdg9/CZwm9ftvKXLP8NRWj38/ODjNbr43SsoXqNuAisEf1GdCxqWcdBw==",
      "dev": true,
      "license": "Apache-2.0",
      "bin": {
        "tsc": "bin/tsc",
        "tsserver": "bin/tsserver"
      },
      "engines": {
        "node": ">=14.17"
      }
    },
    "node_modules/undici": {
      "version": "7.29.0",
      "resolved": "https://registry.npmjs.org/undici/-/undici-7.29.0.tgz",
      "integrity": "sha512-IDxfleLmmbSskfWSUATiN1nfn2rDuvnMOqb5CWR92iIfojA0Ud+ulOAAEQ57LPr9rWmsreUyf5lwyao+7GNNVw==",
      "dev": true,
      "license": "MIT",
      "engines": {
        "node": ">=20.18.1"
      }
    },
    "node_modules/undici-types": {
      "version": "7.18.2",
      "resolved": "https://registry.npmjs.org/undici-types/-/undici-types-7.18.2.tgz",
      "integrity": "sha512-AsuCzffGHJybSaRrmr5eHr81mwJU3kjw6M+uprWvCXiNeN9SOGwQ3Jn8jb8m3Z6izVgknn1R0FTCEAP2QrLY/w==",
      "dev": true,
      "license": "MIT"
    },
    "node_modules/webidl-conversions": {
      "version": "3.0.1",
      "resolved": "https://registry.npmjs.org/webidl-conversions/-/webidl-conversions-3.0.1.tgz",
      "integrity": "sha512-2JAn3z8AR6rjK8Sm8orRC0h/bcl/DqL7tRPdGZ4I1CjdF+EaMLmYxBHyXuKL849eucPFhvBoxMsflfOb8kxaeQ==",
      "dev": true,
      "license": "BSD-2-Clause"
    },
    "node_modules/whatwg-url": {
      "version": "5.0.0",
      "resolved": "https://registry.npmjs.org/whatwg-url/-/whatwg-url-5.0.0.tgz",
      "integrity": "sha512-saE57nupxk6v3HY35+jzBwYa0rKSy0XR8JSxZPwgLr7ys0IBzhGviA1/TUGJLmSVqs8pb9AnvICXEuOHLprYTw==",
      "dev": true,
      "license": "MIT",
      "dependencies": {
        "tr46": "~0.0.3",
        "webidl-conversions": "^3.0.0"
      }
    },
    "node_modules/ws": {
      "version": "8.21.0",
      "resolved": "https://registry.npmjs.org/ws/-/ws-8.21.0.tgz",
      "integrity": "sha512-Vsp28b7DRcimFQvrqu2Wek3z1iYxDCWqHYB8Qsnk/S4RfaCQzPGPyBNuVjJV3cd6UiKtUtp6sNM77gWvzcCH+g==",
      "dev": true,
      "license": "MIT",
      "engines": {
        "node": ">=10.0.0"
      },
      "peerDependencies": {
        "bufferutil": "^4.0.1",
        "utf-8-validate": ">=5.0.2"
      },
      "peerDependenciesMeta": {
        "bufferutil": {
          "optional": true
        },
        "utf-8-validate": {
          "optional": true
        }
      }
    }
  }
}
